
Microsoft Visual Studio Solution File, Format Version 12.00
# Visual Studio Version 17
VisualStudioVersion = 17.6.33801.468
MinimumVisualStudioVersion = 10.0.40219.1
Project("{FAE04EC0-301F-11D3-BF4B-00C04F79EFBC}") = "ejemplo1", "ejemplo1\ejemplo1.csproj", "{D6F23CB9-123B-4481-9150-2128FA22B9FF}"
EndProject
Global
	GlobalSection(SolutionConfigurationPlatforms) = preSolution
		Debug|Any CPU = Debug|Any CPU
		Release|Any CPU = Release|Any CPU
	EndGlobalSection
	GlobalSection(ProjectConfigurationPlatforms) = postSolution
		{D6F23CB9-123B-4481-9150-2128FA22B9FF}.Debug|Any CPU.ActiveCfg = Debug|Any CPU
		{D6F23CB9-123B-4481-9150-2128FA22B9FF}.Debug|Any CPU.Build.0 = Debug|Any CPU
		{D6F23CB9-123B-4481-9150-2128FA22B9FF}.Release|Any CPU.ActiveCfg = Release|Any CPU
		{D6F23CB9-123B-4481-9150-2128FA22B9FF}.Release|Any CPU.Build.0 = Release|Any CPU
	EndGlobalSection
	GlobalSection(SolutionProperties) = preSolution
		HideSolutionNode = FALSE
	EndGlobalSection
	GlobalSection(ExtensibilityGlobals) = postSolution
		SolutionGuid = {EB37B2FB-12B8-4794-98E5-B76086FFFC98}
	EndGlobalSection
EndGlobal
